
Microsoft Visual Studio Solution File, Format Version 12.00
# Visual Studio Version 16
VisualStudioVersion = 16.0.34031.81
MinimumVisualStudioVersion = 10.0.40219.1
Project("{2150E333-8FDC-42A3-9474-1A3956D46DE8}") = "Task0", "Task0", "{84704A8D-F475-4103-9AB2-BFB60D03E43A}"
EndProject
Project("{FAE04EC0-301F-11D3-BF4B-00C04F79EFBC}") = "Tyuiu.JadrysnikovaVA.Sprint0.Task0.V0", "Tyuiu.JadrysnikovaVA.Sprint0.Task0.V0\Tyuiu.JadrysnikovaVA.Sprint0.Task0.V0.csproj", "{0392FFA4-5831-41DF-9226-5A87C6681A7F}"
EndProject
Project("{2150E333-8FDC-42A3-9474-1A3956D46DE8}") = "Task1", "Task1", "{CD21128D-E4D9-4A7F-9F15-363BEFA4F411}"
EndProject
Project("{FAE04EC0-301F-11D3-BF4B-00C04F79EFBC}") = "Tyuiu.JadryshnikovaVA.Sprint0.Task1.V0", "Tyuiu.JadryshnikovaVA.Sprint0.Task1.V0\Tyuiu.JadryshnikovaVA.Sprint0.Task1.V0.csproj", "{4B123710-C60B-4142-91CE-F9BD17F3829B}"
EndProject
Project("{2150E333-8FDC-42A3-9474-1A3956D46DE8}") = "Task2", "Task2", "{C5ECEF3B-D3A6-4E6E-B9CD-016ADF467C22}"
EndProject
Project("{FAE04EC0-301F-11D3-BF4B-00C04F79EFBC}") = "Tyuiu.JadryshnikovaVA.Sprint0.Task2.V0", "Tyuiu.JadryshnikovaVA.Sprint0.Task2.V0\Tyuiu.JadryshnikovaVA.Sprint0.Task2.V0.csproj", "{C8E032A9-9334-40AE-999E-C979F06D9A28}"
EndProject
Project("{FAE04EC0-301F-11D3-BF4B-00C04F79EFBC}") = "Tyuiu.JadryshnikovaVA.Sprint0.Task2.V0.Lib", "Tyuiu.JadryshnikovaVA.Sprint0.Task2.V0.Lib\Tyuiu.JadryshnikovaVA.Sprint0.Task2.V0.Lib.csproj", "{9BD89ECA-A909-4D4F-9563-EC4E8DE5BBE1}"
EndProject
Project("{FAE04EC0-301F-11D3-BF4B-00C04F79EFBC}") = "Tyuiu.JadryshnikovaVA.Sprint0.Task2.V0.Test", "Tyuiu.JadryshnikovaVA.Sprint0.Task2.V0.Test\Tyuiu.JadryshnikovaVA.Sprint0.Task2.V0.Test.csproj", "{8CE83F39-F2B1-4F98-8788-360CDDD11CBA}"
EndProject
Global
	GlobalSection(SolutionConfigurationPlatforms) = preSolution
		Debug|Any CPU = Debug|Any CPU
		Release|Any CPU = Release|Any CPU
	EndGlobalSection
	GlobalSection(ProjectConfigurationPlatforms) = postSolution
		{0392FFA4-5831-41DF-9226-5A87C6681A7F}.Debug|Any CPU.ActiveCfg = Debug|Any CPU
		{0392FFA4-5831-41DF-9226-5A87C6681A7F}.Debug|Any CPU.Build.0 = Debug|Any CPU
		{0392FFA4-5831-41DF-9226-5A87C6681A7F}.Release|Any CPU.ActiveCfg = Release|Any CPU
		{0392FFA4-5831-41DF-9226-5A87C6681A7F}.Release|Any CPU.Build.0 = Release|Any CPU
		{4B123710-C60B-4142-91CE-F9BD17F3829B}.Debug|Any CPU.ActiveCfg = Debug|Any CPU
		{4B123710-C60B-4142-91CE-F9BD17F3829B}.Debug|Any CPU.Build.0 = Debug|Any CPU
		{4B123710-C60B-4142-91CE-F9BD17F3829B}.Release|Any CPU.ActiveCfg = Release|Any CPU
		{4B123710-C60B-4142-91CE-F9BD17F3829B}.Release|Any CPU.Build.0 = Release|Any CPU
		{C8E032A9-9334-40AE-999E-C979F06D9A28}.Debug|Any CPU.ActiveCfg = Debug|Any CPU
		{C8E032A9-9334-40AE-999E-C979F06D9A28}.Debug|Any CPU.Build.0 = Debug|Any CPU
		{C8E032A9-9334-40AE-999E-C979F06D9A28}.Release|Any CPU.ActiveCfg = Release|Any CPU
		{C8E032A9-9334-40AE-999E-C979F06D9A28}.Release|Any CPU.Build.0 = Release|Any CPU
		{9BD89ECA-A909-4D4F-9563-EC4E8DE5BBE1}.Debug|Any CPU.ActiveCfg = Debug|Any CPU
		{9BD89ECA-A909-4D4F-9563-EC4E8DE5BBE1}.Debug|Any CPU.Build.0 = Debug|Any CPU
		{9BD89ECA-A909-4D4F-9563-EC4E8DE5BBE1}.Release|Any CPU.ActiveCfg = Release|Any CPU
		{9BD89ECA-A909-4D4F-9563-EC4E8DE5BBE1}.Release|Any CPU.Build.0 = Release|Any CPU
		{8CE83F39-F2B1-4F98-8788-360CDDD11CBA}.Debug|Any CPU.ActiveCfg = Debug|Any CPU
		{8CE83F39-F2B1-4F98-8788-360CDDD11CBA}.Debug|Any CPU.Build.0 = Debug|Any CPU
		{8CE83F39-F2B1-4F98-8788-360CDDD11CBA}.Release|Any CPU.ActiveCfg = Release|Any CPU
		{8CE83F39-F2B1-4F98-8788-360CDDD11CBA}.Release|Any CPU.Build.0 = Release|Any CPU
	EndGlobalSection
	GlobalSection(SolutionProperties) = preSolution
		HideSolutionNode = FALSE
	EndGlobalSection
	GlobalSection(NestedProjects) = preSolution
		{0392FFA4-5831-41DF-9226-5A87C6681A7F} = {84704A8D-F475-4103-9AB2-BFB60D03E43A}
		{4B123710-C60B-4142-91CE-F9BD17F3829B} = {CD21128D-E4D9-4A7F-9F15-363BEFA4F411}
		{C8E032A9-9334-40AE-999E-C979F06D9A28} = {C5ECEF3B-D3A6-4E6E-B9CD-016ADF467C22}
		{9BD89ECA-A909-4D4F-9563-EC4E8DE5BBE1} = {C5ECEF3B-D3A6-4E6E-B9CD-016ADF467C22}
		{8CE83F39-F2B1-4F98-8788-360CDDD11CBA} = {C5ECEF3B-D3A6-4E6E-B9CD-016ADF467C22}
	EndGlobalSection
	GlobalSection(ExtensibilityGlobals) = postSolution
		SolutionGuid = {1D0C8CBE-812B-4BEC-B036-7D1BA7FD42E4}
	EndGlobalSection
EndGlobal
